// !$*UTF8*$!
{
	archiveVersion = 1;
	classes = {
	};
	objectVersion = 46;
	objects = {

/* Begin PBXBuildFile section */
		50C69E5A1C20CF0D00C096A4 /* AppDelegate.swift in Sources */ = {isa = PBXBuildFile; fileRef = 50C69E591C20CF0D00C096A4 /* AppDelegate.swift */; };
		50C69E5C1C20CF0D00C096A4 /* ViewController.swift in Sources */ = {isa = PBXBuildFile; fileRef = 50C69E5B1C20CF0D00C096A4 /* ViewController.swift */; };
		50C69E5F1C20CF0D00C096A4 /* Main.storyboard in Resources */ = {isa = PBXBuildFile; fileRef = 50C69E5D1C20CF0D00C096A4 /* Main.storyboard */; };
		50C69E611C20CF0D00C096A4 /* Assets.xcassets in Resources */ = {isa = PBXBuildFile; fileRef = 50C69E601C20CF0D00C096A4 /* Assets.xcassets */; };
		50C69E641C20CF0D00C096A4 /* LaunchScreen.storyboard in Resources */ = {isa = PBXBuildFile; fileRef = 50C69E621C20CF0D00C096A4 /* LaunchScreen.storyboard */; };
		50C69E6F1C20CF0D00C096A4 /* Tip_CalculatorTests.swift in Sources */ = {isa = PBXBuildFile; fileRef = 50C69E6E1C20CF0D00C096A4 /* Tip_CalculatorTests.swift */; };
		50C69E7A1C20CF0D00C096A4 /* Tip_CalculatorUITests.swift in Sources */ = {isa = PBXBuildFile; fileRef = 50C69E791C20CF0D00C096A4 /* Tip_CalculatorUITests.swift */; };
/* End PBXBuildFile section */

/* Begin PBXContainerItemProxy section */
		50C69E6B1C20CF0D00C096A4 /* PBXContainerItemProxy */ = {
			isa = PBXContainerItemProxy;
			containerPortal = 50C69E4E1C20CF0D00C096A4 /* Project object */;
			proxyType = 1;
			remoteGlobalIDString = 50C69E551C20CF0D00C096A4;
			remoteInfo = Tip_Calculator;
		};
		50C69E761C20CF0D00C096A4 /* PBXContainerItemProxy */ = {
			isa = PBXContainerItemProxy;
			containerPortal = 50C69E4E1C20CF0D00C096A4 /* Project object */;
			proxyType = 1;
			remoteGlobalIDString = 50C69E551C20CF0D00C096A4;
			remoteInfo = Tip_Calculator;
		};
/* End PBXContainerItemProxy section */

/* Begin PBXFileReference section */
		50C69E561C20CF0D00C096A4 /* Tip_Calculator.app */ = {isa = PBXFileReference; explicitFileType = wrapper.application; includeInIndex = 0; path = Tip_Calculator.app; sourceTree = BUILT_PRODUCTS_DIR; };
		50C69E591C20CF0D00C096A4 /* AppDelegate.swift */ = {isa = PBXFileReference; lastKnownFileType = sourcecode.swift; path = AppDelegate.swift; sourceTree = "<group>"; };
		50C69E5B1C20CF0D00C096A4 /* ViewController.swift */ = {isa = PBXFileReference; lastKnownFileType = sourcecode.swift; path = ViewController.swift; sourceTree = "<group>"; };
		50C69E5E1C20CF0D00C096A4 /* Base */ = {isa = PBXFileReference; lastKnownFileType = file.storyboard; name = Base; path = Base.lproj/Main.storyboard; sourceTree = "<group>"; };
		50C69E601C20CF0D00C096A4 /* Assets.xcassets */ = {isa = PBXFileReference; lastKnownFileType = folder.assetcatalog; path = Assets.xcassets; sourceTree = "<group>"; };
		50C69E631C20CF0D00C096A4 /* Base */ = {isa = PBXFileReference; lastKnownFileType = file.storyboard; name = Base; path = Base.lproj/LaunchScreen.storyboard; sourceTree = "<group>"; };
		50C69E651C20CF0D00C096A4 /* Info.plist */ = {isa = PBXFileReference; lastKnownFileType = text.plist.xml; path = Info.plist; sourceTree = "<group>"; };
		50C69E6A1C20CF0D00C096A4 /* Tip_CalculatorTests.xctest */ = {isa = PBXFileReference; explicitFileType = wrapper.cfbundle; includeInIndex = 0; path = Tip_CalculatorTests.xctest; sourceTree = BUILT_PRODUCTS_DIR; };
		50C69E6E1C20CF0D00C096A4 /* Tip_CalculatorTests.swift */ = {isa = PBXFileReference; lastKnownFileType = sourcecode.swift; path = Tip_CalculatorTests.swift; sourceTree = "<group>"; };
		50C69E701C20CF0D00C096A4 /* Info.plist */ = {isa = PBXFileReference; lastKnownFileType = text.plist.xml; path = Info.plist; sourceTree = "<group>"; };
		50C69E751C20CF0D00C096A4 /* Tip_CalculatorUITests.xctest */ = {isa = PBXFileReference; explicitFileType = wrapper.cfbundle; includeInIndex = 0; path = Tip_CalculatorUITests.xctest; sourceTree = BUILT_PRODUCTS_DIR; };
		50C69E791C20CF0D00C096A4 /* Tip_CalculatorUITests.swift */ = {isa = PBXFileReference; lastKnownFileType = sourcecode.swift; path = Tip_CalculatorUITests.swift; sourceTree = "<group>"; };
		50C69E7B1C20CF0D00C096A4 /* Info.plist */ = {isa = PBXFileReference; lastKnownFileType = text.plist.xml; path = Info.plist; sourceTree = "<group>"; };
/* End PBXFileReference section */

/* Begin PBXFrameworksBuildPhase section */
		50C69E531C20CF0D00C096A4 /* Frameworks */ = {
			isa = PBXFrameworksBuildPhase;
			buildActionMask = 2147483647;
			files = (
			);
			runOnlyForDeploymentPostprocessing = 0;
		};
		50C69E671C20CF0D00C096A4 /* Frameworks */ = {
			isa = PBXFrameworksBuildPhase;
			buildActionMask = 2147483647;
			files = (
			);
			runOnlyForDeploymentPostprocessing = 0;
		};
		50C69E721C20CF0D00C096A4 /* Frameworks */ = {
			isa = PBXFrameworksBuildPhase;
			buildActionMask = 2147483647;
			files = (
			);
			runOnlyForDeploymentPostprocessing = 0;
		};
/* End PBXFrameworksBuildPhase section */

/* Begin PBXGroup section */
		50C69E4D1C20CF0D00C096A4 = {
			isa = PBXGroup;
			children = (
				50C69E581C20CF0D00C096A4 /* Tip_Calculator */,
				50C69E6D1C20CF0D00C096A4 /* Tip_CalculatorTests */,
				50C69E781C20CF0D00C096A4 /* Tip_CalculatorUITests */,
				50C69E571C20CF0D00C096A4 /* Products */,
			);
			sourceTree = "<group>";
		};
		50C69E571C20CF0D00C096A4 /* Products */ = {
			isa = PBXGroup;
			children = (
				50C69E561C20CF0D00C096A4 /* Tip_Calculator.app */,
				50C69E6A1C20CF0D00C096A4 /* Tip_CalculatorTests.xctest */,
				50C69E751C20CF0D00C096A4 /* Tip_CalculatorUITests.xctest */,
			);
			name = Products;
			sourceTree = "<group>";
		};
		50C69E581C20CF0D00C096A4 /* Tip_Calculator */ = {
			isa = PBXGroup;
			children = (
				50C69E591C20CF0D00C096A4 /* AppDelegate.swift */,
				50C69E5B1C20CF0D00C096A4 /* ViewController.swift */,
				50C69E5D1C20CF0D00C096A4 /* Main.storyboard */,
				50C69E601C20CF0D00C096A4 /* Assets.xcassets */,
				50C69E621C20CF0D00C096A4 /* LaunchScreen.storyboard */,
				50C69E651C20CF0D00C096A4 /* Info.plist */,
			);
			path = Tip_Calculator;
			sourceTree = "<group>";
		};
		50C69E6D1C20CF0D00C096A4 /* Tip_CalculatorTests */ = {
			isa = PBXGroup;
			children = (
				50C69E6E1C20CF0D00C096A4 /* Tip_CalculatorTests.swift */,
				50C69E701C20CF0D00C096A4 /* Info.plist */,
			);
			path = Tip_CalculatorTests;
			sourceTree = "<group>";
		};
		50C69E781C20CF0D00C096A4 /* Tip_CalculatorUITests */ = {
			isa = PBXGroup;
			children = (
				50C69E791C20CF0D00C096A4 /* Tip_CalculatorUITests.swift */,
				50C69E7B1C20CF0D00C096A4 /* Info.plist */,
			);
			path = Tip_CalculatorUITests;
			sourceTree = "<group>";
		};
/* End PBXGroup section */

/* Begin PBXNativeTarget section */
		50C69E551C20CF0D00C096A4 /* Tip_Calculator */ = {
			isa = PBXNativeTarget;
			buildConfigurationList = 50C69E7E1C20CF0D00C096A4 /* Build configuration list for PBXNativeTarget "Tip_Calculator" */;
			buildPhases = (
				50C69E521C20CF0D00C096A4 /* Sources */,
				50C69E531C20CF0D00C096A4 /* Frameworks */,
				50C69E541C20CF0D00C096A4 /* Resources */,
			);
			buildRules = (
			);
			dependencies = (
			);
			name = Tip_Calculator;
			productName = Tip_Calculator;
			productReference = 50C69E561C20CF0D00C096A4 /* Tip_Calculator.app */;
			productType = "com.apple.product-type.application";
		};
		50C69E691C20CF0D00C096A4 /* Tip_CalculatorTests */ = {
			isa = PBXNativeTarget;
			buildConfigurationList = 50C69E811C20CF0D00C096A4 /* Build configuration list for PBXNativeTarget "Tip_CalculatorTests" */;
			buildPhases = (
				50C69E661C20CF0D00C096A4 /* Sources */,
				50C69E671C20CF0D00C096A4 /* Frameworks */,
				50C69E681C20CF0D00C096A4 /* Resources */,
			);
			buildRules = (
			);
			dependencies = (
				50C69E6C1C20CF0D00C096A4 /* PBXTargetDependency */,
			);
			name = Tip_CalculatorTests;
			productName = Tip_CalculatorTests;
			productReference = 50C69E6A1C20CF0D00C096A4 /* Tip_CalculatorTests.xctest */;
			productType = "com.apple.product-type.bundle.unit-test";
		};
		50C69E741C20CF0D00C096A4 /* Tip_CalculatorUITests */ = {
			isa = PBXNativeTarget;
			buildConfigurationList = 50C69E841C20CF0D00C096A4 /* Build configuration list for PBXNativeTarget "Tip_CalculatorUITests" */;
			buildPhases = (
				50C69E711C20CF0D00C096A4 /* Sources */,
				50C69E721C20CF0D00C096A4 /* Frameworks */,
				50C69E731C20CF0D00C096A4 /* Resources */,
			);
			buildRules = (
			);
			dependencies = (
				50C69E771C20CF0D00C096A4 /* PBXTargetDependency */,
			);
			name = Tip_CalculatorUITests;
			productName = Tip_CalculatorUITests;
			productReference = 50C69E751C20CF0D00C096A4 /* Tip_CalculatorUITests.xctest */;
			productType = "com.apple.product-type.bundle.ui-testing";
		};
/* End PBXNativeTarget section */

/* Begin PBXProject section */
		50C69E4E1C20CF0D00C096A4 /* Project object */ = {
			isa = PBXProject;
			attributes = {
				LastSwiftUpdateCheck = 0720;
				LastUpgradeCheck = 0720;
				ORGANIZATIONNAME = "Hwee Lee";
				TargetAttributes = {
					50C69E551C20CF0D00C096A4 = {
						CreatedOnToolsVersion = 7.2;
					};
					50C69E691C20CF0D00C096A4 = {
						CreatedOnToolsVersion = 7.2;
						TestTargetID = 50C69E551C20CF0D00C096A4;
					};
					50C69E741C20CF0D00C096A4 = {
						CreatedOnToolsVersion = 7.2;
						TestTargetID = 50C69E551C20CF0D00C096A4;
					};
				};
			};
			buildConfigurationList = 50C69E511C20CF0D00C096A4 /* Build configuration list for PBXProject "Tip_Calculator" */;
			compatibilityVersion = "Xcode 3.2";
			developmentRegion = English;
			hasScannedForEncodings = 0;
			knownRegions = (
				en,
				Base,
			);
			mainGroup = 50C69E4D1C20CF0D00C096A4;
			productRefGroup = 50C69E571C20CF0D00C096A4 /* Products */;
			projectDirPath = "";
			projectRoot = "";
			targets = (
				50C69E551C20CF0D00C096A4 /* Tip_Calculator */,
				50C69E691C20CF0D00C096A4 /* Tip_CalculatorTests */,
				50C69E741C20CF0D00C096A4 /* Tip_CalculatorUITests */,
			);
		};
/* End PBXProject section */

/* Begin PBXResourcesBuildPhase section */
		50C69E541C20CF0D00C096A4 /* Resources */ = {
			isa = PBXResourcesBuildPhase;
			buildActionMask = 2147483647;
			files = (
				50C69E641C20CF0D00C096A4 /* LaunchScreen.storyboard in Resources */,
				50C69E611C20CF0D00C096A4 /* Assets.xcassets in Resources */,
				50C69E5F1C20CF0D00C096A4 /* Main.storyboard in Resources */,
			);
			runOnlyForDeploymentPostprocessing = 0;
		};
		50C69E681C20CF0D00C096A4 /* Resources */ = {
			isa = PBXResourcesBuildPhase;
			buildActionMask = 2147483647;
			files = (
			);
			runOnlyForDeploymentPostprocessing = 0;
		};
		50C69E731C20CF0D00C096A4 /* Resources */ = {
			isa = PBXResourcesBuildPhase;
			buildActionMask = 2147483647;
			files = (
			);
			runOnlyForDeploymentPostprocessing = 0;
		};
/* End PBXResourcesBuildPhase section */

/* Begin PBXSourcesBuildPhase section */
		50C69E521C20CF0D00C096A4 /* Sources */ = {
			isa = PBXSourcesBuildPhase;
			buildActionMask = 2147483647;
			files = (
				50C69E5C1C20CF0D00C096A4 /* ViewController.swift in Sources */,
				50C69E5A1C20CF0D00C096A4 /* AppDelegate.swift in Sources */,
			);
			runOnlyForDeploymentPostprocessing = 0;
		};
		50C69E661C20CF0D00C096A4 /* Sources */ = {
			isa = PBXSourcesBuildPhase;
			buildActionMask = 2147483647;
			files = (
				50C69E6F1C20CF0D00C096A4 /* Tip_CalculatorTests.swift in Sources */,
			);
			runOnlyForDeploymentPostprocessing = 0;
		};
		50C69E711C20CF0D00C096A4 /* Sources */ = {
			isa = PBXSourcesBuildPhase;
			buildActionMask = 2147483647;
			files = (
				50C69E7A1C20CF0D00C096A4 /* Tip_CalculatorUITests.swift in Sources */,
			);
			runOnlyForDeploymentPostprocessing = 0;
		};
/* End PBXSourcesBuildPhase section */

/* Begin PBXTargetDependency section */
		50C69E6C1C20CF0D00C096A4 /* PBXTargetDependency */ = {
			isa = PBXTargetDependency;
			target = 50C69E551C20CF0D00C096A4 /* Tip_Calculator */;
			targetProxy = 50C69E6B1C20CF0D00C096A4 /* PBXContainerItemProxy */;
		};
		50C69E771C20CF0D00C096A4 /* PBXTargetDependency */ = {
			isa = PBXTargetDependency;
			target = 50C69E551C20CF0D00C096A4 /* Tip_Calculator */;
			targetProxy = 50C69E761C20CF0D00C096A4 /* PBXContainerItemProxy */;
		};
/* End PBXTargetDependency section */

/* Begin PBXVariantGroup section */
		50C69E5D1C20CF0D00C096A4 /* Main.storyboard */ = {
			isa = PBXVariantGroup;
			children = (
				50C69E5E1C20CF0D00C096A4 /* Base */,
			);
			name = Main.storyboard;
			sourceTree = "<group>";
		};
		50C69E621C20CF0D00C096A4 /* LaunchScreen.storyboard */ = {
			isa = PBXVariantGroup;
			children = (
				50C69E631C20CF0D00C096A4 /* Base */,
			);
			name = LaunchScreen.storyboard;
			sourceTree = "<group>";
		};
/* End PBXVariantGroup section */

/* Begin XCBuildConfiguration section */
		50C69E7C1C20CF0D00C096A4 /* Debug */ = {
			isa = XCBuildConfiguration;
			buildSettings = {
				ALWAYS_SEARCH_USER_PATHS = NO;
				CLANG_CXX_LANGUAGE_STANDARD = "gnu++0x";
				CLANG_CXX_LIBRARY = "libc++";
				CLANG_ENABLE_MODULES = YES;
				CLANG_ENABLE_OBJC_ARC = YES;
				CLANG_WARN_BOOL_CONVERSION = YES;
				CLANG_WARN_CONSTANT_CONVERSION = YES;
				CLANG_WARN_DIRECT_OBJC_ISA_USAGE = YES_ERROR;
				CLANG_WARN_EMPTY_BODY = YES;
				CLANG_WARN_ENUM_CONVERSION = YES;
				CLANG_WARN_INT_CONVERSION = YES;
				CLANG_WARN_OBJC_ROOT_CLASS = YES_ERROR;
				CLANG_WARN_UNREACHABLE_CODE = YES;
				CLANG_WARN__DUPLICATE_METHOD_MATCH = YES;
				"CODE_SIGN_IDENTITY[sdk=iphoneos*]" = "iPhone Developer";
				COPY_PHASE_STRIP = NO;
				DEBUG_INFORMATION_FORMAT = dwarf;
				ENABLE_STRICT_OBJC_MSGSEND = YES;
				ENABLE_TESTABILITY = YES;
				GCC_C_LANGUAGE_STANDARD = gnu99;
				GCC_DYNAMIC_NO_PIC = NO;
				GCC_NO_COMMON_BLOCKS = YES;
				GCC_OPTIMIZATION_LEVEL = 0;
				GCC_PREPROCESSOR_DEFINITIONS = (
					"DEBUG=1",
					"$(inherited)",
				);
				GCC_WARN_64_TO_32_BIT_CONVERSION = YES;
				GCC_WARN_ABOUT_RETURN_TYPE = YES_ERROR;
				GCC_WARN_UNDECLARED_SELECTOR = YES;
				GCC_WARN_UNINITIALIZED_AUTOS = YES_AGGRESSIVE;
				GCC_WARN_UNUSED_FUNCTION = YES;
				GCC_WARN_UNUSED_VARIABLE = YES;
				IPHONEOS_DEPLOYMENT_TARGET = 9.2;
				MTL_ENABLE_DEBUG_INFO = YES;
				ONLY_ACTIVE_ARCH = YES;
				SDKROOT = iphoneos;
				SWIFT_OPTIMIZATION_LEVEL = "-Onone";
			};
			name = Debug;
		};
		50C69E7D1C20CF0D00C096A4 /* Release */ = {
			isa = XCBuildConfiguration;
			buildSettings = {
				ALWAYS_SEARCH_USER_PATHS = NO;
				CLANG_CXX_LANGUAGE_STANDARD = "gnu++0x";
				CLANG_CXX_LIBRARY = "libc++";
				CLANG_ENABLE_MODULES = YES;
				CLANG_ENABLE_OBJC_ARC = YES;
				CLANG_WARN_BOOL_CONVERSION = YES;
				CLANG_WARN_CONSTANT_CONVERSION = YES;
				CLANG_WARN_DIRECT_OBJC_ISA_USAGE = YES_ERROR;
				CLANG_WARN_EMPTY_BODY = YES;
				CLANG_WARN_ENUM_CONVERSION = YES;
				CLANG_WARN_INT_CONVERSION = YES;
				CLANG_WARN_OBJC_ROOT_CLASS = YES_ERROR;
				CLANG_WARN_UNREACHABLE_CODE = YES;
				CLANG_WARN__DUPLICATE_METHOD_MATCH = YES;
				"CODE_SIGN_IDENTITY[sdk=iphoneos*]" = "iPhone Developer";
				COPY_PHASE_STRIP = NO;
				DEBUG_INFORMATION_FORMAT = "dwarf-with-dsym";
				ENABLE_NS_ASSERTIONS = NO;
				ENABLE_STRICT_OBJC_MSGSEND = YES;
				GCC_C_LANGUAGE_STANDARD = gnu99;
				GCC_NO_COMMON_BLOCKS = YES;
				GCC_WARN_64_TO_32_BIT_CONVERSION = YES;
				GCC_WARN_ABOUT_RETURN_TYPE = YES_ERROR;
				GCC_WARN_UNDECLARED_SELECTOR = YES;
				GCC_WARN_UNINITIALIZED_AUTOS = YES_AGGRESSIVE;
				GCC_WARN_UNUSED_FUNCTION = YES;
				GCC_WARN_UNUSED_VARIABLE = YES;
				IPHONEOS_DEPLOYMENT_TARGET = 9.2;
				MTL_ENABLE_DEBUG_INFO = NO;
				SDKROOT = iphoneos;
				VALIDATE_PRODUCT = YES;
			};
			name = Release;
		};
		50C69E7F1C20CF0D00C096A4 /* Debug */ = {
			isa = XCBuildConfiguration;
			buildSettings = {
				ASSETCATALOG_COMPILER_APPICON_NAME = AppIcon;
				INFOPLIST_FILE = Tip_Calculator/Info.plist;
				LD_RUNPATH_SEARCH_PATHS = "$(inherited) @executable_path/Frameworks";
				PRODUCT_BUNDLE_IDENTIFIER = "com.HweeLee.Tip-Calculator";
				PRODUCT_NAME = "$(TARGET_NAME)";
			};
			name = Debug;
		};
		50C69E801C20CF0D00C096A4 /* Release */ = {
			isa = XCBuildConfiguration;
			buildSettings = {
				ASSETCATALOG_COMPILER_APPICON_NAME = AppIcon;
				INFOPLIST_FILE = Tip_Calculator/Info.plist;
				LD_RUNPATH_SEARCH_PATHS = "$(inherited) @executable_path/Frameworks";
				PRODUCT_BUNDLE_IDENTIFIER = "com.HweeLee.Tip-Calculator";
				PRODUCT_NAME = "$(TARGET_NAME)";
			};
			name = Release;
		};
		50C69E821C20CF0D00C096A4 /* Debug */ = {
			isa = XCBuildConfiguration;
			buildSettings = {
				BUNDLE_LOADER = "$(TEST_HOST)";
				INFOPLIST_FILE = Tip_CalculatorTests/Info.plist;
				LD_RUNPATH_SEARCH_PATHS = "$(inherited) @executable_path/Frameworks @loader_path/Frameworks";
				PRODUCT_BUNDLE_IDENTIFIER = "com.HweeLee.Tip-CalculatorTests";
				PRODUCT_NAME = "$(TARGET_NAME)";
				TEST_HOST = "$(BUILT_PRODUCTS_DIR)/Tip_Calculator.app/Tip_Calculator";
			};
			name = Debug;
		};
		50C69E831C20CF0D00C096A4 /* Release */ = {
			isa = XCBuildConfiguration;
			buildSettings = {
				BUNDLE_LOADER = "$(TEST_HOST)";
				INFOPLIST_FILE = Tip_CalculatorTests/Info.plist;
				LD_RUNPATH_SEARCH_PATHS = "$(inherited) @executable_path/Frameworks @loader_path/Frameworks";
				PRODUCT_BUNDLE_IDENTIFIER = "com.HweeLee.Tip-CalculatorTests";
				PRODUCT_NAME = "$(TARGET_NAME)";
				TEST_HOST = "$(BUILT_PRODUCTS_DIR)/Tip_Calculator.app/Tip_Calculator";
			};
			name = Release;
		};
		50C69E851C20CF0D00C096A4 /* Debug */ = {
			isa = XCBuildConfiguration;
			buildSettings = {
				INFOPLIST_FILE = Tip_CalculatorUITests/Info.plist;
				LD_RUNPATH_SEARCH_PATHS = "$(inherited) @executable_path/Frameworks @loader_path/Frameworks";
				PRODUCT_BUNDLE_IDENTIFIER = "com.HweeLee.Tip-CalculatorUITests";
				PRODUCT_NAME = "$(TARGET_NAME)";
				TEST_TARGET_NAME = Tip_Calculator;
				USES_XCTRUNNER = YES;
			};
			name = Debug;
		};
		50C69E861C20CF0D00C096A4 /* Release */ = {
			isa = XCBuildConfiguration;
			buildSettings = {
				INFOPLIST_FILE = Tip_CalculatorUITests/Info.plist;
				LD_RUNPATH_SEARCH_PATHS = "$(inherited) @executable_path/Frameworks @loader_path/Frameworks";
				PRODUCT_BUNDLE_IDENTIFIER = "com.HweeLee.Tip-CalculatorUITests";
				PRODUCT_NAME = "$(TARGET_NAME)";
				TEST_TARGET_NAME = Tip_Calculator;
				USES_XCTRUNNER = YES;
			};
			name = Release;
		};
/* End XCBuildConfiguration section */

/* Begin XCConfigurationList section */
		50C69E511C20CF0D00C096A4 /* Build configuration list for PBXProject "Tip_Calculator" */ = {
			isa = XCConfigurationList;
			buildConfigurations = (
				50C69E7C1C20CF0D00C096A4 /* Debug */,
				50C69E7D1C20CF0D00C096A4 /* Release */,
			);
			defaultConfigurationIsVisible = 0;
			defaultConfigurationName = Release;
		};
		50C69E7E1C20CF0D00C096A4 /* Build configuration list for PBXNativeTarget "Tip_Calculator" */ = {
			isa = XCConfigurationList;
			buildConfigurations = (
				50C69E7F1C20CF0D00C096A4 /* Debug */,
				50C69E801C20CF0D00C096A4 /* Release */,
			);
			defaultConfigurationIsVisible = 0;
		};
		50C69E811C20CF0D00C096A4 /* Build configuration list for PBXNativeTarget "Tip_CalculatorTests" */ = {
			isa = XCConfigurationList;
			buildConfigurations = (
				50C69E821C20CF0D00C096A4 /* Debug */,
				50C69E831C20CF0D00C096A4 /* Release */,
			);
			defaultConfigurationIsVisible = 0;
		};
		50C69E841C20CF0D00C096A4 /* Build configuration list for PBXNativeTarget "Tip_CalculatorUITests" */ = {
			isa = XCConfigurationList;
			buildConfigurations = (
				50C69E851C20CF0D00C096A4 /* Debug */,
				50C69E861C20CF0D00C096A4 /* Release */,
			);
			defaultConfigurationIsVisible = 0;
		};
/* End XCConfigurationList section */
	};
	rootObject = 50C69E4E1C20CF0D00C096A4 /* Project object */;
}
